// !$*UTF8*$!
{
	archiveVersion = 1;
	classes = {
	};
	objectVersion = 50;
	objects = {

/* Begin PBXBuildFile section */
		16750AC323D27F8A00AD8D59 /* AppDelegate.swift in Sources */ = {isa = PBXBuildFile; fileRef = 16750AC223D27F8A00AD8D59 /* AppDelegate.swift */; };
		16750AC523D27F8A00AD8D59 /* SceneDelegate.swift in Sources */ = {isa = PBXBuildFile; fileRef = 16750AC423D27F8A00AD8D59 /* SceneDelegate.swift */; };
		16750AC723D27F8A00AD8D59 /* ViewController.swift in Sources */ = {isa = PBXBuildFile; fileRef = 16750AC623D27F8A00AD8D59 /* ViewController.swift */; };
		16750ACA23D27F8A00AD8D59 /* Main.storyboard in Resources */ = {isa = PBXBuildFile; fileRef = 16750AC823D27F8A00AD8D59 /* Main.storyboard */; };
		16750ACD23D27F8A00AD8D59 /* HelloWorld.xcdatamodeld in Sources */ = {isa = PBXBuildFile; fileRef = 16750ACB23D27F8A00AD8D59 /* HelloWorld.xcdatamodeld */; };
		16750ACF23D27F9000AD8D59 /* Assets.xcassets in Resources */ = {isa = PBXBuildFile; fileRef = 16750ACE23D27F9000AD8D59 /* Assets.xcassets */; };
		16750AD223D27F9000AD8D59 /* LaunchScreen.storyboard in Resources */ = {isa = PBXBuildFile; fileRef = 16750AD023D27F9000AD8D59 /* LaunchScreen.storyboard */; };
		16750ADD23D27F9000AD8D59 /* HelloWorldTests.swift in Sources */ = {isa = PBXBuildFile; fileRef = 16750ADC23D27F9000AD8D59 /* HelloWorldTests.swift */; };
		16750AE823D27F9000AD8D59 /* HelloWorldUITests.swift in Sources */ = {isa = PBXBuildFile; fileRef = 16750AE723D27F9000AD8D59 /* HelloWorldUITests.swift */; };
/* End PBXBuildFile section */

/* Begin PBXContainerItemProxy section */
		16750AD923D27F9000AD8D59 /* PBXContainerItemProxy */ = {
			isa = PBXContainerItemProxy;
			containerPortal = 16750AB723D27F8A00AD8D59 /* Project object */;
			proxyType = 1;
			remoteGlobalIDString = 16750ABE23D27F8A00AD8D59;
			remoteInfo = HelloWorld;
		};
		16750AE423D27F9000AD8D59 /* PBXContainerItemProxy */ = {
			isa = PBXContainerItemProxy;
			containerPortal = 16750AB723D27F8A00AD8D59 /* Project object */;
			proxyType = 1;
			remoteGlobalIDString = 16750ABE23D27F8A00AD8D59;
			remoteInfo = HelloWorld;
		};
/* End PBXContainerItemProxy section */

/* Begin PBXFileReference section */
		16750ABF23D27F8A00AD8D59 /* HelloWorld.app */ = {isa = PBXFileReference; explicitFileType = wrapper.application; includeInIndex = 0; path = HelloWorld.app; sourceTree = BUILT_PRODUCTS_DIR; };
		16750AC223D27F8A00AD8D59 /* AppDelegate.swift */ = {isa = PBXFileReference; lastKnownFileType = sourcecode.swift; path = AppDelegate.swift; sourceTree = "<group>"; };
		16750AC423D27F8A00AD8D59 /* SceneDelegate.swift */ = {isa = PBXFileReference; lastKnownFileType = sourcecode.swift; path = SceneDelegate.swift; sourceTree = "<group>"; };
		16750AC623D27F8A00AD8D59 /* ViewController.swift */ = {isa = PBXFileReference; lastKnownFileType = sourcecode.swift; path = ViewController.swift; sourceTree = "<group>"; };
		16750AC923D27F8A00AD8D59 /* Base */ = {isa = PBXFileReference; lastKnownFileType = file.storyboard; name = Base; path = Base.lproj/Main.storyboard; sourceTree = "<group>"; };
		16750ACC23D27F8A00AD8D59 /* HelloWorld.xcdatamodel */ = {isa = PBXFileReference; lastKnownFileType = wrapper.xcdatamodel; path = HelloWorld.xcdatamodel; sourceTree = "<group>"; };
		16750ACE23D27F9000AD8D59 /* Assets.xcassets */ = {isa = PBXFileReference; lastKnownFileType = folder.assetcatalog; path = Assets.xcassets; sourceTree = "<group>"; };
		16750AD123D27F9000AD8D59 /* Base */ = {isa = PBXFileReference; lastKnownFileType = file.storyboard; name = Base; path = Base.lproj/LaunchScreen.storyboard; sourceTree = "<group>"; };
		16750AD323D27F9000AD8D59 /* Info.plist */ = {isa = PBXFileReference; lastKnownFileType = text.plist.xml; path = Info.plist; sourceTree = "<group>"; };
		16750AD823D27F9000AD8D59 /* HelloWorldTests.xctest */ = {isa = PBXFileReference; explicitFileType = wrapper.cfbundle; includeInIndex = 0; path = HelloWorldTests.xctest; sourceTree = BUILT_PRODUCTS_DIR; };
		16750ADC23D27F9000AD8D59 /* HelloWorldTests.swift */ = {isa = PBXFileReference; lastKnownFileType = sourcecode.swift; path = HelloWorldTests.swift; sourceTree = "<group>"; };
		16750ADE23D27F9000AD8D59 /* Info.plist */ = {isa = PBXFileReference; lastKnownFileType = text.plist.xml; path = Info.plist; sourceTree = "<group>"; };
		16750AE323D27F9000AD8D59 /* HelloWorldUITests.xctest */ = {isa = PBXFileReference; explicitFileType = wrapper.cfbundle; includeInIndex = 0; path = HelloWorldUITests.xctest; sourceTree = BUILT_PRODUCTS_DIR; };
		16750AE723D27F9000AD8D59 /* HelloWorldUITests.swift */ = {isa = PBXFileReference; lastKnownFileType = sourcecode.swift; path = HelloWorldUITests.swift; sourceTree = "<group>"; };
		16750AE923D27F9000AD8D59 /* Info.plist */ = {isa = PBXFileReference; lastKnownFileType = text.plist.xml; path = Info.plist; sourceTree = "<group>"; };
/* End PBXFileReference section */

/* Begin PBXFrameworksBuildPhase section */
		16750ABC23D27F8A00AD8D59 /* Frameworks */ = {
			isa = PBXFrameworksBuildPhase;
			buildActionMask = 2147483647;
			files = (
			);
			runOnlyForDeploymentPostprocessing = 0;
		};
		16750AD523D27F9000AD8D59 /* Frameworks */ = {
			isa = PBXFrameworksBuildPhase;
			buildActionMask = 2147483647;
			files = (
			);
			runOnlyForDeploymentPostprocessing = 0;
		};
		16750AE023D27F9000AD8D59 /* Frameworks */ = {
			isa = PBXFrameworksBuildPhase;
			buildActionMask = 2147483647;
			files = (
			);
			runOnlyForDeploymentPostprocessing = 0;
		};
/* End PBXFrameworksBuildPhase section */

/* Begin PBXGroup section */
		16750AB623D27F8A00AD8D59 = {
			isa = PBXGroup;
			children = (
				16750AC123D27F8A00AD8D59 /* HelloWorld */,
				16750ADB23D27F9000AD8D59 /* HelloWorldTests */,
				16750AE623D27F9000AD8D59 /* HelloWorldUITests */,
				16750AC023D27F8A00AD8D59 /* Products */,
			);
			sourceTree = "<group>";
		};
		16750AC023D27F8A00AD8D59 /* Products */ = {
			isa = PBXGroup;
			children = (
				16750ABF23D27F8A00AD8D59 /* HelloWorld.app */,
				16750AD823D27F9000AD8D59 /* HelloWorldTests.xctest */,
				16750AE323D27F9000AD8D59 /* HelloWorldUITests.xctest */,
			);
			name = Products;
			sourceTree = "<group>";
		};
		16750AC123D27F8A00AD8D59 /* HelloWorld */ = {
			isa = PBXGroup;
			children = (
				16750AC223D27F8A00AD8D59 /* AppDelegate.swift */,
				16750AC423D27F8A00AD8D59 /* SceneDelegate.swift */,
				16750AC623D27F8A00AD8D59 /* ViewController.swift */,
				16750AC823D27F8A00AD8D59 /* Main.storyboard */,
				16750ACE23D27F9000AD8D59 /* Assets.xcassets */,
				16750AD023D27F9000AD8D59 /* LaunchScreen.storyboard */,
				16750AD323D27F9000AD8D59 /* Info.plist */,
				16750ACB23D27F8A00AD8D59 /* HelloWorld.xcdatamodeld */,
			);
			path = HelloWorld;
			sourceTree = "<group>";
		};
		16750ADB23D27F9000AD8D59 /* HelloWorldTests */ = {
			isa = PBXGroup;
			children = (
				16750ADC23D27F9000AD8D59 /* HelloWorldTests.swift */,
				16750ADE23D27F9000AD8D59 /* Info.plist */,
			);
			path = HelloWorldTests;
			sourceTree = "<group>";
		};
		16750AE623D27F9000AD8D59 /* HelloWorldUITests */ = {
			isa = PBXGroup;
			children = (
				16750AE723D27F9000AD8D59 /* HelloWorldUITests.swift */,
				16750AE923D27F9000AD8D59 /* Info.plist */,
			);
			path = HelloWorldUITests;
			sourceTree = "<group>";
		};
/* End PBXGroup section */

/* Begin PBXNativeTarget section */
		16750ABE23D27F8A00AD8D59 /* HelloWorld */ = {
			isa = PBXNativeTarget;
			buildConfigurationList = 16750AEC23D27F9000AD8D59 /* Build configuration list for PBXNativeTarget "HelloWorld" */;
			buildPhases = (
				16750ABB23D27F8A00AD8D59 /* Sources */,
				16750ABC23D27F8A00AD8D59 /* Frameworks */,
				16750ABD23D27F8A00AD8D59 /* Resources */,
			);
			buildRules = (
			);
			dependencies = (
			);
			name = HelloWorld;
			productName = HelloWorld;
			productReference = 16750ABF23D27F8A00AD8D59 /* HelloWorld.app */;
			productType = "com.apple.product-type.application";
		};
		16750AD723D27F9000AD8D59 /* HelloWorldTests */ = {
			isa = PBXNativeTarget;
			buildConfigurationList = 16750AEF23D27F9000AD8D59 /* Build configuration list for PBXNativeTarget "HelloWorldTests" */;
			buildPhases = (
				16750AD423D27F9000AD8D59 /* Sources */,
				16750AD523D27F9000AD8D59 /* Frameworks */,
				16750AD623D27F9000AD8D59 /* Resources */,
			);
			buildRules = (
			);
			dependencies = (
				16750ADA23D27F9000AD8D59 /* PBXTargetDependency */,
			);
			name = HelloWorldTests;
			productName = HelloWorldTests;
			productReference = 16750AD823D27F9000AD8D59 /* HelloWorldTests.xctest */;
			productType = "com.apple.product-type.bundle.unit-test";
		};
		16750AE223D27F9000AD8D59 /* HelloWorldUITests */ = {
			isa = PBXNativeTarget;
			buildConfigurationList = 16750AF223D27F9000AD8D59 /* Build configuration list for PBXNativeTarget "HelloWorldUITests" */;
			buildPhases = (
				16750ADF23D27F9000AD8D59 /* Sources */,
				16750AE023D27F9000AD8D59 /* Frameworks */,
				16750AE123D27F9000AD8D59 /* Resources */,
			);
			buildRules = (
			);
			dependencies = (
				16750AE523D27F9000AD8D59 /* PBXTargetDependency */,
			);
			name = HelloWorldUITests;
			productName = HelloWorldUITests;
			productReference = 16750AE323D27F9000AD8D59 /* HelloWorldUITests.xctest */;
			productType = "com.apple.product-type.bundle.ui-testing";
		};
/* End PBXNativeTarget section */

/* Begin PBXProject section */
		16750AB723D27F8A00AD8D59 /* Project object */ = {
			isa = PBXProject;
			attributes = {
				LastSwiftUpdateCheck = 1130;
				LastUpgradeCheck = 1130;
				ORGANIZATIONNAME = "Jashan Bhinder";
				TargetAttributes = {
					16750ABE23D27F8A00AD8D59 = {
						CreatedOnToolsVersion = 11.3.1;
					};
					16750AD723D27F9000AD8D59 = {
						CreatedOnToolsVersion = 11.3.1;
						TestTargetID = 16750ABE23D27F8A00AD8D59;
					};
					16750AE223D27F9000AD8D59 = {
						CreatedOnToolsVersion = 11.3.1;
						TestTargetID = 16750ABE23D27F8A00AD8D59;
					};
				};
			};
			buildConfigurationList = 16750ABA23D27F8A00AD8D59 /* Build configuration list for PBXProject "HelloWorld" */;
			compatibilityVersion = "Xcode 9.3";
			developmentRegion = en;
			hasScannedForEncodings = 0;
			knownRegions = (
				en,
				Base,
			);
			mainGroup = 16750AB623D27F8A00AD8D59;
			productRefGroup = 16750AC023D27F8A00AD8D59 /* Products */;
			projectDirPath = "";
			projectRoot = "";
			targets = (
				16750ABE23D27F8A00AD8D59 /* HelloWorld */,
				16750AD723D27F9000AD8D59 /* HelloWorldTests */,
				16750AE223D27F9000AD8D59 /* HelloWorldUITests */,
			);
		};
/* End PBXProject section */

/* Begin PBXResourcesBuildPhase section */
		16750ABD23D27F8A00AD8D59 /* Resources */ = {
			isa = PBXResourcesBuildPhase;
			buildActionMask = 2147483647;
			files = (
				16750AD223D27F9000AD8D59 /* LaunchScreen.storyboard in Resources */,
				16750ACF23D27F9000AD8D59 /* Assets.xcassets in Resources */,
				16750ACA23D27F8A00AD8D59 /* Main.storyboard in Resources */,
			);
			runOnlyForDeploymentPostprocessing = 0;
		};
		16750AD623D27F9000AD8D59 /* Resources */ = {
			isa = PBXResourcesBuildPhase;
			buildActionMask = 2147483647;
			files = (
			);
			runOnlyForDeploymentPostprocessing = 0;
		};
		16750AE123D27F9000AD8D59 /* Resources */ = {
			isa = PBXResourcesBuildPhase;
			buildActionMask = 2147483647;
			files = (
			);
			runOnlyForDeploymentPostprocessing = 0;
		};
/* End PBXResourcesBuildPhase section */

/* Begin PBXSourcesBuildPhase section */
		16750ABB23D27F8A00AD8D59 /* Sources */ = {
			isa = PBXSourcesBuildPhase;
			buildActionMask = 2147483647;
			files = (
				16750AC723D27F8A00AD8D59 /* ViewController.swift in Sources */,
				16750AC323D27F8A00AD8D59 /* AppDelegate.swift in Sources */,
				16750AC523D27F8A00AD8D59 /* SceneDelegate.swift in Sources */,
				16750ACD23D27F8A00AD8D59 /* HelloWorld.xcdatamodeld in Sources */,
			);
			runOnlyForDeploymentPostprocessing = 0;
		};
		16750AD423D27F9000AD8D59 /* Sources */ = {
			isa = PBXSourcesBuildPhase;
			buildActionMask = 2147483647;
			files = (
				16750ADD23D27F9000AD8D59 /* HelloWorldTests.swift in Sources */,
			);
			runOnlyForDeploymentPostprocessing = 0;
		};
		16750ADF23D27F9000AD8D59 /* Sources */ = {
			isa = PBXSourcesBuildPhase;
			buildActionMask = 2147483647;
			files = (
				16750AE823D27F9000AD8D59 /* HelloWorldUITests.swift in Sources */,
			);
			runOnlyForDeploymentPostprocessing = 0;
		};
/* End PBXSourcesBuildPhase section */

/* Begin PBXTargetDependency section */
		16750ADA23D27F9000AD8D59 /* PBXTargetDependency */ = {
			isa = PBXTargetDependency;
			target = 16750ABE23D27F8A00AD8D59 /* HelloWorld */;
			targetProxy = 16750AD923D27F9000AD8D59 /* PBXContainerItemProxy */;
		};
		16750AE523D27F9000AD8D59 /* PBXTargetDependency */ = {
			isa = PBXTargetDependency;
			target = 16750ABE23D27F8A00AD8D59 /* HelloWorld */;
			targetProxy = 16750AE423D27F9000AD8D59 /* PBXContainerItemProxy */;
		};
/* End PBXTargetDependency section */

/* Begin PBXVariantGroup section */
		16750AC823D27F8A00AD8D59 /* Main.storyboard */ = {
			isa = PBXVariantGroup;
			children = (
				16750AC923D27F8A00AD8D59 /* Base */,
			);
			name = Main.storyboard;
			sourceTree = "<group>";
		};
		16750AD023D27F9000AD8D59 /* LaunchScreen.storyboard */ = {
			isa = PBXVariantGroup;
			children = (
				16750AD123D27F9000AD8D59 /* Base */,
			);
			name = LaunchScreen.storyboard;
			sourceTree = "<group>";
		};
/* End PBXVariantGroup section */

/* Begin XCBuildConfiguration section */
		16750AEA23D27F9000AD8D59 /* Debug */ = {
			isa = XCBuildConfiguration;
			buildSettings = {
				ALWAYS_SEARCH_USER_PATHS = NO;
				CLANG_ANALYZER_NONNULL = YES;
				CLANG_ANALYZER_NUMBER_OBJECT_CONVERSION = YES_AGGRESSIVE;
				CLANG_CXX_LANGUAGE_STANDARD = "gnu++14";
				CLANG_CXX_LIBRARY = "libc++";
				CLANG_ENABLE_MODULES = YES;
				CLANG_ENABLE_OBJC_ARC = YES;
				CLANG_ENABLE_OBJC_WEAK = YES;
				CLANG_WARN_BLOCK_CAPTURE_AUTORELEASING = YES;
				CLANG_WARN_BOOL_CONVERSION = YES;
				CLANG_WARN_COMMA = YES;
				CLANG_WARN_CONSTANT_CONVERSION = YES;
				CLANG_WARN_DEPRECATED_OBJC_IMPLEMENTATIONS = YES;
				CLANG_WARN_DIRECT_OBJC_ISA_USAGE = YES_ERROR;
				CLANG_WARN_DOCUMENTATION_COMMENTS = YES;
				CLANG_WARN_EMPTY_BODY = YES;
				CLANG_WARN_ENUM_CONVERSION = YES;
				CLANG_WARN_INFINITE_RECURSION = YES;
				CLANG_WARN_INT_CONVERSION = YES;
				CLANG_WARN_NON_LITERAL_NULL_CONVERSION = YES;
				CLANG_WARN_OBJC_IMPLICIT_RETAIN_SELF = YES;
				CLANG_WARN_OBJC_LITERAL_CONVERSION = YES;
				CLANG_WARN_OBJC_ROOT_CLASS = YES_ERROR;
				CLANG_WARN_RANGE_LOOP_ANALYSIS = YES;
				CLANG_WARN_STRICT_PROTOTYPES = YES;
				CLANG_WARN_SUSPICIOUS_MOVE = YES;
				CLANG_WARN_UNGUARDED_AVAILABILITY = YES_AGGRESSIVE;
				CLANG_WARN_UNREACHABLE_CODE = YES;
				CLANG_WARN__DUPLICATE_METHOD_MATCH = YES;
				COPY_PHASE_STRIP = NO;
				DEBUG_INFORMATION_FORMAT = dwarf;
				ENABLE_STRICT_OBJC_MSGSEND = YES;
				ENABLE_TESTABILITY = YES;
				GCC_C_LANGUAGE_STANDARD = gnu11;
				GCC_DYNAMIC_NO_PIC = NO;
				GCC_NO_COMMON_BLOCKS = YES;
				GCC_OPTIMIZATION_LEVEL = 0;
				GCC_PREPROCESSOR_DEFINITIONS = (
					"DEBUG=1",
					"$(inherited)",
				);
				GCC_WARN_64_TO_32_BIT_CONVERSION = YES;
				GCC_WARN_ABOUT_RETURN_TYPE = YES_ERROR;
				GCC_WARN_UNDECLARED_SELECTOR = YES;
				GCC_WARN_UNINITIALIZED_AUTOS = YES_AGGRESSIVE;
				GCC_WARN_UNUSED_FUNCTION = YES;
				GCC_WARN_UNUSED_VARIABLE = YES;
				IPHONEOS_DEPLOYMENT_TARGET = 13.2;
				MTL_ENABLE_DEBUG_INFO = INCLUDE_SOURCE;
				MTL_FAST_MATH = YES;
				ONLY_ACTIVE_ARCH = YES;
				SDKROOT = iphoneos;
				SWIFT_ACTIVE_COMPILATION_CONDITIONS = DEBUG;
				SWIFT_OPTIMIZATION_LEVEL = "-Onone";
			};
			name = Debug;
		};
		16750AEB23D27F9000AD8D59 /* Release */ = {
			isa = XCBuildConfiguration;
			buildSettings = {
				ALWAYS_SEARCH_USER_PATHS = NO;
				CLANG_ANALYZER_NONNULL = YES;
				CLANG_ANALYZER_NUMBER_OBJECT_CONVERSION = YES_AGGRESSIVE;
				CLANG_CXX_LANGUAGE_STANDARD = "gnu++14";
				CLANG_CXX_LIBRARY = "libc++";
				CLANG_ENABLE_MODULES = YES;
				CLANG_ENABLE_OBJC_ARC = YES;
				CLANG_ENABLE_OBJC_WEAK = YES;
				CLANG_WARN_BLOCK_CAPTURE_AUTORELEASING = YES;
				CLANG_WARN_BOOL_CONVERSION = YES;
				CLANG_WARN_COMMA = YES;
				CLANG_WARN_CONSTANT_CONVERSION = YES;
				CLANG_WARN_DEPRECATED_OBJC_IMPLEMENTATIONS = YES;
				CLANG_WARN_DIRECT_OBJC_ISA_USAGE = YES_ERROR;
				CLANG_WARN_DOCUMENTATION_COMMENTS = YES;
				CLANG_WARN_EMPTY_BODY = YES;
				CLANG_WARN_ENUM_CONVERSION = YES;
				CLANG_WARN_INFINITE_RECURSION = YES;
				CLANG_WARN_INT_CONVERSION = YES;
				CLANG_WARN_NON_LITERAL_NULL_CONVERSION = YES;
				CLANG_WARN_OBJC_IMPLICIT_RETAIN_SELF = YES;
				CLANG_WARN_OBJC_LITERAL_CONVERSION = YES;
				CLANG_WARN_OBJC_ROOT_CLASS = YES_ERROR;
				CLANG_WARN_RANGE_LOOP_ANALYSIS = YES;
				CLANG_WARN_STRICT_PROTOTYPES = YES;
				CLANG_WARN_SUSPICIOUS_MOVE = YES;
				CLANG_WARN_UNGUARDED_AVAILABILITY = YES_AGGRESSIVE;
				CLANG_WARN_UNREACHABLE_CODE = YES;
				CLANG_WARN__DUPLICATE_METHOD_MATCH = YES;
				COPY_PHASE_STRIP = NO;
				DEBUG_INFORMATION_FORMAT = "dwarf-with-dsym";
				ENABLE_NS_ASSERTIONS = NO;
				ENABLE_STRICT_OBJC_MSGSEND = YES;
				GCC_C_LANGUAGE_STANDARD = gnu11;
				GCC_NO_COMMON_BLOCKS = YES;
				GCC_WARN_64_TO_32_BIT_CONVERSION = YES;
				GCC_WARN_ABOUT_RETURN_TYPE = YES_ERROR;
				GCC_WARN_UNDECLARED_SELECTOR = YES;
				GCC_WARN_UNINITIALIZED_AUTOS = YES_AGGRESSIVE;
				GCC_WARN_UNUSED_FUNCTION = YES;
				GCC_WARN_UNUSED_VARIABLE = YES;
				IPHONEOS_DEPLOYMENT_TARGET = 13.2;
				MTL_ENABLE_DEBUG_INFO = NO;
				MTL_FAST_MATH = YES;
				SDKROOT = iphoneos;
				SWIFT_COMPILATION_MODE = wholemodule;
				SWIFT_OPTIMIZATION_LEVEL = "-O";
				VALIDATE_PRODUCT = YES;
			};
			name = Release;
		};
		16750AED23D27F9000AD8D59 /* Debug */ = {
			isa = XCBuildConfiguration;
			buildSettings = {
				ASSETCATALOG_COMPILER_APPICON_NAME = AppIcon;
				CODE_SIGN_STYLE = Automatic;
				INFOPLIST_FILE = HelloWorld/Info.plist;
				LD_RUNPATH_SEARCH_PATHS = (
					"$(inherited)",
					"@executable_path/Frameworks",
				);
				PRODUCT_BUNDLE_IDENTIFIER = com.Jashan.HelloWorld;
				PRODUCT_NAME = "$(TARGET_NAME)";
				SWIFT_VERSION = 5.0;
				TARGETED_DEVICE_FAMILY = "1,2";
			};
			name = Debug;
		};
		16750AEE23D27F9000AD8D59 /* Release */ = {
			isa = XCBuildConfiguration;
			buildSettings = {
				ASSETCATALOG_COMPILER_APPICON_NAME = AppIcon;
				CODE_SIGN_STYLE = Automatic;
				INFOPLIST_FILE = HelloWorld/Info.plist;
				LD_RUNPATH_SEARCH_PATHS = (
					"$(inherited)",
					"@executable_path/Frameworks",
				);
				PRODUCT_BUNDLE_IDENTIFIER = com.Jashan.HelloWorld;
				PRODUCT_NAME = "$(TARGET_NAME)";
				SWIFT_VERSION = 5.0;
				TARGETED_DEVICE_FAMILY = "1,2";
			};
			name = Release;
		};
		16750AF023D27F9000AD8D59 /* Debug */ = {
			isa = XCBuildConfiguration;
			buildSettings = {
				ALWAYS_EMBED_SWIFT_STANDARD_LIBRARIES = YES;
				BUNDLE_LOADER = "$(TEST_HOST)";
				CODE_SIGN_STYLE = Automatic;
				INFOPLIST_FILE = HelloWorldTests/Info.plist;
				IPHONEOS_DEPLOYMENT_TARGET = 13.2;
				LD_RUNPATH_SEARCH_PATHS = (
					"$(inherited)",
					"@executable_path/Frameworks",
					"@loader_path/Frameworks",
				);
				PRODUCT_BUNDLE_IDENTIFIER = com.Jashan.HelloWorldTests;
				PRODUCT_NAME = "$(TARGET_NAME)";
				SWIFT_VERSION = 5.0;
				TARGETED_DEVICE_FAMILY = "1,2";
				TEST_HOST = "$(BUILT_PRODUCTS_DIR)/HelloWorld.app/HelloWorld";
			};
			name = Debug;
		};
		16750AF123D27F9000AD8D59 /* Release */ = {
			isa = XCBuildConfiguration;
			buildSettings = {
				ALWAYS_EMBED_SWIFT_STANDARD_LIBRARIES = YES;
				BUNDLE_LOADER = "$(TEST_HOST)";
				CODE_SIGN_STYLE = Automatic;
				INFOPLIST_FILE = HelloWorldTests/Info.plist;
				IPHONEOS_DEPLOYMENT_TARGET = 13.2;
				LD_RUNPATH_SEARCH_PATHS = (
					"$(inherited)",
					"@executable_path/Frameworks",
					"@loader_path/Frameworks",
				);
				PRODUCT_BUNDLE_IDENTIFIER = com.Jashan.HelloWorldTests;
				PRODUCT_NAME = "$(TARGET_NAME)";
				SWIFT_VERSION = 5.0;
				TARGETED_DEVICE_FAMILY = "1,2";
				TEST_HOST = "$(BUILT_PRODUCTS_DIR)/HelloWorld.app/HelloWorld";
			};
			name = Release;
		};
		16750AF323D27F9000AD8D59 /* Debug */ = {
			isa = XCBuildConfiguration;
			buildSettings = {
				ALWAYS_EMBED_SWIFT_STANDARD_LIBRARIES = YES;
				CODE_SIGN_STYLE = Automatic;
				INFOPLIST_FILE = HelloWorldUITests/Info.plist;
				LD_RUNPATH_SEARCH_PATHS = (
					"$(inherited)",
					"@executable_path/Frameworks",
					"@loader_path/Frameworks",
				);
				PRODUCT_BUNDLE_IDENTIFIER = com.Jashan.HelloWorldUITests;
				PRODUCT_NAME = "$(TARGET_NAME)";
				SWIFT_VERSION = 5.0;
				TARGETED_DEVICE_FAMILY = "1,2";
				TEST_TARGET_NAME = HelloWorld;
			};
			name = Debug;
		};
		16750AF423D27F9000AD8D59 /* Release */ = {
			isa = XCBuildConfiguration;
			buildSettings = {
				ALWAYS_EMBED_SWIFT_STANDARD_LIBRARIES = YES;
				CODE_SIGN_STYLE = Automatic;
				INFOPLIST_FILE = HelloWorldUITests/Info.plist;
				LD_RUNPATH_SEARCH_PATHS = (
					"$(inherited)",
					"@executable_path/Frameworks",
					"@loader_path/Frameworks",
				);
				PRODUCT_BUNDLE_IDENTIFIER = com.Jashan.HelloWorldUITests;
				PRODUCT_NAME = "$(TARGET_NAME)";
				SWIFT_VERSION = 5.0;
				TARGETED_DEVICE_FAMILY = "1,2";
				TEST_TARGET_NAME = HelloWorld;
			};
			name = Release;
		};
/* End XCBuildConfiguration section */

/* Begin XCConfigurationList section */
		16750ABA23D27F8A00AD8D59 /* Build configuration list for PBXProject "HelloWorld" */ = {
			isa = XCConfigurationList;
			buildConfigurations = (
				16750AEA23D27F9000AD8D59 /* Debug */,
				16750AEB23D27F9000AD8D59 /* Release */,
			);
			defaultConfigurationIsVisible = 0;
			defaultConfigurationName = Release;
		};
		16750AEC23D27F9000AD8D59 /* Build configuration list for PBXNativeTarget "HelloWorld" */ = {
			isa = XCConfigurationList;
			buildConfigurations = (
				16750AED23D27F9000AD8D59 /* Debug */,
				16750AEE23D27F9000AD8D59 /* Release */,
			);
			defaultConfigurationIsVisible = 0;
			defaultConfigurationName = Release;
		};
		16750AEF23D27F9000AD8D59 /* Build configuration list for PBXNativeTarget "HelloWorldTests" */ = {
			isa = XCConfigurationList;
			buildConfigurations = (
				16750AF023D27F9000AD8D59 /* Debug */,
				16750AF123D27F9000AD8D59 /* Release */,
			);
			defaultConfigurationIsVisible = 0;
			defaultConfigurationName = Release;
		};
		16750AF223D27F9000AD8D59 /* Build configuration list for PBXNativeTarget "HelloWorldUITests" */ = {
			isa = XCConfigurationList;
			buildConfigurations = (
				16750AF323D27F9000AD8D59 /* Debug */,
				16750AF423D27F9000AD8D59 /* Release */,
			);
			defaultConfigurationIsVisible = 0;
			defaultConfigurationName = Release;
		};
/* End XCConfigurationList section */

/* Begin XCVersionGroup section */
		16750ACB23D27F8A00AD8D59 /* HelloWorld.xcdatamodeld */ = {
			isa = XCVersionGroup;
			children = (
				16750ACC23D27F8A00AD8D59 /* HelloWorld.xcdatamodel */,
			);
			currentVersion = 16750ACC23D27F8A00AD8D59 /* HelloWorld.xcdatamodel */;
			path = HelloWorld.xcdatamodeld;
			sourceTree = "<group>";
			versionGroupType = wrapper.xcdatamodel;
		};
/* End XCVersionGroup section */
	};
	rootObject = 16750AB723D27F8A00AD8D59 /* Project object */;
}
